{
  "name": "tiled-nes",
  "version": "1.0.0",
  "lockfileVersion": 2,
  "requires": true,
  "packages": {
    "": {
      "name": "tiled-nes",
      "version": "1.0.0",
      "license": "MIT",
      "devDependencies": {
        "@mapeditor/tiled-api": "^1.8.1",
        "typescript": "^4.5.5"
      }
    },
    "node_modules/@mapeditor/tiled-api": {
      "version": "1.8.1",
      "resolved": "https://registry.npmjs.org/@mapeditor/tiled-api/-/tiled-api-1.8.1.tgz",
      "integrity": "sha512-0582BGMkOhDAkiDxZFwTTi/QzUNPfnae9DSgBdVF7BH1b5AG+hVyfxQCePswWd52RdzlW8zQ5HR4+PqNveYXVg==",
      "dev": true
    },
    "node_modules/typescript": {
      "version": "4.5.5",
      "resolved": "https://registry.npmjs.org/typescript/-/typescript-4.5.5.tgz",
      "integrity": "sha512-TCTIul70LyWe6IJWT8QSYeA54WQe8EjQFU4wY52Fasj5UKx88LNYKCgBEHcOMOrFF1rKGbD8v/xcNWVUq9SymA==",
      "dev": true,
      "bin": {
        "tsc": "bin/tsc",
        "tsserver": "bin/tsserver"
      },
      "engines": {
        "node": ">=4.2.0"
      }
    }
  },
  "dependencies": {
    "@mapeditor/tiled-api": {
      "version": "1.8.1",
      "resolved": "https://registry.npmjs.org/@mapeditor/tiled-api/-/tiled-api-1.8.1.tgz",
      "integrity": "sha512-0582BGMkOhDAkiDxZFwTTi/QzUNPfnae9DSgBdVF7BH1b5AG+hVyfxQCePswWd52RdzlW8zQ5HR4+PqNveYXVg==",
      "dev": true
    },
    "typescript": {
      "version": "4.5.5",
      "resolved": "https://registry.npmjs.org/typescript/-/typescript-4.5.5.tgz",
      "integrity": "sha512-TCTIul70LyWe6IJWT8QSYeA54WQe8EjQFU4wY52Fasj5UKx88LNYKCgBEHcOMOrFF1rKGbD8v/xcNWVUq9SymA==",
      "dev": true
    }
  }
}
